// !$*UTF8*$!
{
	archiveVersion = 1;
	classes = {
	};
	objectVersion = 50;
	objects = {

/* Begin PBXBuildFile section */
		311900212253877B0098B064 /* borderButton.swift in Sources */ = {isa = PBXBuildFile; fileRef = 311900202253877B0098B064 /* borderButton.swift */; };
		311DEAD6226EFE4400E8509E /* CheckoutVC.swift in Sources */ = {isa = PBXBuildFile; fileRef = 311DEAD5226EFE4400E8509E /* CheckoutVC.swift */; };
		311DEAD8226F134900E8509E /* ContactusVC.swift in Sources */ = {isa = PBXBuildFile; fileRef = 311DEAD7226F134900E8509E /* ContactusVC.swift */; };
		311DEADA226F15F000E8509E /* borderTextView.swift in Sources */ = {isa = PBXBuildFile; fileRef = 311DEAD9226F15F000E8509E /* borderTextView.swift */; };
		311DEADC226F2DB600E8509E /* ChangePasswordVC.swift in Sources */ = {isa = PBXBuildFile; fileRef = 311DEADB226F2DB600E8509E /* ChangePasswordVC.swift */; };
		311DEADE226F3C4500E8509E /* SearchVC.swift in Sources */ = {isa = PBXBuildFile; fileRef = 311DEADD226F3C4500E8509E /* SearchVC.swift */; };
		31235419225727CC0067B21A /* AccountCell.swift in Sources */ = {isa = PBXBuildFile; fileRef = 31235418225727CC0067B21A /* AccountCell.swift */; };
		3123541B225738540067B21A /* ConstatntsAccountList.swift in Sources */ = {isa = PBXBuildFile; fileRef = 3123541A225738540067B21A /* ConstatntsAccountList.swift */; };
		3123541D225750930067B21A /* ProductCell.swift in Sources */ = {isa = PBXBuildFile; fileRef = 3123541C225750930067B21A /* ProductCell.swift */; };
		312354202257517C0067B21A /* Product.swift in Sources */ = {isa = PBXBuildFile; fileRef = 3123541F2257517C0067B21A /* Product.swift */; };
		31235422225754140067B21A /* HomeVC.swift in Sources */ = {isa = PBXBuildFile; fileRef = 31235421225754140067B21A /* HomeVC.swift */; };
		31235424225772C10067B21A /* ProductImagesHeaderView.swift in Sources */ = {isa = PBXBuildFile; fileRef = 31235423225772C10067B21A /* ProductImagesHeaderView.swift */; };
		31235428225775A60067B21A /* ProductImagesPageViewController.swift in Sources */ = {isa = PBXBuildFile; fileRef = 31235427225775A60067B21A /* ProductImagesPageViewController.swift */; };
		3123542A2257774E0067B21A /* ProductImageViewController.swift in Sources */ = {isa = PBXBuildFile; fileRef = 312354292257774E0067B21A /* ProductImageViewController.swift */; };
		3123542C225777C20067B21A /* ProductDetailTableViewController.swift in Sources */ = {isa = PBXBuildFile; fileRef = 3123542B225777C20067B21A /* ProductDetailTableViewController.swift */; };
		3123542E225783900067B21A /* ProductDetailCell.swift in Sources */ = {isa = PBXBuildFile; fileRef = 3123542D225783900067B21A /* ProductDetailCell.swift */; };
		31235430225783CC0067B21A /* SuggestionTableViewCell.swift in Sources */ = {isa = PBXBuildFile; fileRef = 3123542F225783CC0067B21A /* SuggestionTableViewCell.swift */; };
		31235432225783FE0067B21A /* SuggestionCollectionViewCell.swift in Sources */ = {isa = PBXBuildFile; fileRef = 31235431225783FE0067B21A /* SuggestionCollectionViewCell.swift */; };
		31235434225B52C30067B21A /* Constants.swift in Sources */ = {isa = PBXBuildFile; fileRef = 31235433225B52C30067B21A /* Constants.swift */; };
		31235436225B53860067B21A /* AddressesVC.swift in Sources */ = {isa = PBXBuildFile; fileRef = 31235435225B53860067B21A /* AddressesVC.swift */; };
		31345392227044FB00945333 /* UIViewExt.swift in Sources */ = {isa = PBXBuildFile; fileRef = 31345391227044FB00945333 /* UIViewExt.swift */; };
		31370EAC22705B1200284A2F /* HelpVC.swift in Sources */ = {isa = PBXBuildFile; fileRef = 31370EAB22705B1200284A2F /* HelpVC.swift */; };
		31370EAE22705B2100284A2F /* ScanVC.swift in Sources */ = {isa = PBXBuildFile; fileRef = 31370EAD22705B2100284A2F /* ScanVC.swift */; };
		31370EB022717D7000284A2F /* CartVC.swift in Sources */ = {isa = PBXBuildFile; fileRef = 31370EAF22717D7000284A2F /* CartVC.swift */; };
		315B96D12255E38200C6CE2A /* SignupVC.swift in Sources */ = {isa = PBXBuildFile; fileRef = 315B96D02255E38200C6CE2A /* SignupVC.swift */; };
		315B96D32255E92200C6CE2A /* GenderType.swift in Sources */ = {isa = PBXBuildFile; fileRef = 315B96D22255E92200C6CE2A /* GenderType.swift */; };
		315B96D52255E98900C6CE2A /* UIButtonExt.swift in Sources */ = {isa = PBXBuildFile; fileRef = 315B96D42255E98900C6CE2A /* UIButtonExt.swift */; };
		315B96D72255FCCD00C6CE2A /* CategoryVC.swift in Sources */ = {isa = PBXBuildFile; fileRef = 315B96D62255FCCD00C6CE2A /* CategoryVC.swift */; };
		315B96D92255FD0100C6CE2A /* CategoryCell.swift in Sources */ = {isa = PBXBuildFile; fileRef = 315B96D82255FD0100C6CE2A /* CategoryCell.swift */; };
		315B96DD2256092200C6CE2A /* Category.swift in Sources */ = {isa = PBXBuildFile; fileRef = 315B96DC2256092200C6CE2A /* Category.swift */; };
		315B96DF22562BCF00C6CE2A /* ForgotPasswordVC.swift in Sources */ = {isa = PBXBuildFile; fileRef = 315B96DE22562BCF00C6CE2A /* ForgotPasswordVC.swift */; };
		315B96E1225635A300C6CE2A /* AccountVC.swift in Sources */ = {isa = PBXBuildFile; fileRef = 315B96E0225635A300C6CE2A /* AccountVC.swift */; };
		3161DE80225B7EC800832661 /* WelcomeVC.swift in Sources */ = {isa = PBXBuildFile; fileRef = 3161DE7F225B7EC800832661 /* WelcomeVC.swift */; };
		3161DE86225C819B00832661 /* BottomBarVC.swift in Sources */ = {isa = PBXBuildFile; fileRef = 3161DE85225C819B00832661 /* BottomBarVC.swift */; };
		3161DE88225C8CB800832661 /* AddAddressVC.swift in Sources */ = {isa = PBXBuildFile; fileRef = 3161DE87225C8CB800832661 /* AddAddressVC.swift */; };
		3161DE8A225C996400832661 /* LikedImage.swift in Sources */ = {isa = PBXBuildFile; fileRef = 3161DE89225C996400832661 /* LikedImage.swift */; };
		3161DE8C225CAC7500832661 /* WishlistVC.swift in Sources */ = {isa = PBXBuildFile; fileRef = 3161DE8B225CAC7500832661 /* WishlistVC.swift */; };
		3161DE8E225CB0DD00832661 /* WishlistTableCell.swift in Sources */ = {isa = PBXBuildFile; fileRef = 3161DE8D225CB0DD00832661 /* WishlistTableCell.swift */; };
		3161DE90225CB0FF00832661 /* WishlistCollectionCell.swift in Sources */ = {isa = PBXBuildFile; fileRef = 3161DE8F225CB0FF00832661 /* WishlistCollectionCell.swift */; };
		3161DE99225F0F2F00832661 /* User.swift in Sources */ = {isa = PBXBuildFile; fileRef = 3161DE98225F0F2F00832661 /* User.swift */; };
		3161DE9B225F0F9E00832661 /* AuthService.swift in Sources */ = {isa = PBXBuildFile; fileRef = 3161DE9A225F0F9E00832661 /* AuthService.swift */; };
		3161DE9E225F1A7A00832661 /* login_success.json in Resources */ = {isa = PBXBuildFile; fileRef = 3161DE9C225F1A7A00832661 /* login_success.json */; };
		3161DE9F225F1A7A00832661 /* error.json in Resources */ = {isa = PBXBuildFile; fileRef = 3161DE9D225F1A7A00832661 /* error.json */; };
		3161DEA1225F1F9000832661 /* register_success.json in Resources */ = {isa = PBXBuildFile; fileRef = 3161DEA0225F1F9000832661 /* register_success.json */; };
		3161DEA3225F25DA00832661 /* UIViewControllerExt.swift in Sources */ = {isa = PBXBuildFile; fileRef = 3161DEA2225F25DA00832661 /* UIViewControllerExt.swift */; };
		3161DEA5225F2E1E00832661 /* category.json in Resources */ = {isa = PBXBuildFile; fileRef = 3161DEA4225F2E1E00832661 /* category.json */; };
		3161DEA7225F2E3400832661 /* CategoryService.swift in Sources */ = {isa = PBXBuildFile; fileRef = 3161DEA6225F2E3400832661 /* CategoryService.swift */; };
		3161DEA9225F42D700832661 /* products.json in Resources */ = {isa = PBXBuildFile; fileRef = 3161DEA8225F42D700832661 /* products.json */; };
		3161DEAB225F42F600832661 /* ProductsService.swift in Sources */ = {isa = PBXBuildFile; fileRef = 3161DEAA225F42F600832661 /* ProductsService.swift */; };
		3161DEAD225F493200832661 /* wishlist.json in Resources */ = {isa = PBXBuildFile; fileRef = 3161DEAC225F493200832661 /* wishlist.json */; };
		3161DEAF225F494300832661 /* WishlistService.swift in Sources */ = {isa = PBXBuildFile; fileRef = 3161DEAE225F494300832661 /* WishlistService.swift */; };
		3161DEB1225F71E600832661 /* UITextFieldExt.swift in Sources */ = {isa = PBXBuildFile; fileRef = 3161DEB0225F71E600832661 /* UITextFieldExt.swift */; };
		31902E3A2265A8BD0068E111 /* UIImageViewExt.swift in Sources */ = {isa = PBXBuildFile; fileRef = 31902E392265A8BD0068E111 /* UIImageViewExt.swift */; };
		31902E3C2265AEB50068E111 /* ProductVariantsVC.swift in Sources */ = {isa = PBXBuildFile; fileRef = 31902E3B2265AEB50068E111 /* ProductVariantsVC.swift */; };
		31902E3E2265AFFF0068E111 /* BuyButtonCell.swift in Sources */ = {isa = PBXBuildFile; fileRef = 31902E3D2265AFFF0068E111 /* BuyButtonCell.swift */; };
		3197CA6E22606CAC008AF38C /* CreditsVC.swift in Sources */ = {isa = PBXBuildFile; fileRef = 3197CA6D22606CAC008AF38C /* CreditsVC.swift */; };
		3197CA7022606CBE008AF38C /* AddCreditVC.swift in Sources */ = {isa = PBXBuildFile; fileRef = 3197CA6F22606CBE008AF38C /* AddCreditVC.swift */; };
		3197CA7222607F37008AF38C /* ProfileDetailsVC.swift in Sources */ = {isa = PBXBuildFile; fileRef = 3197CA7122607F37008AF38C /* ProfileDetailsVC.swift */; };
		3197CA7422608D8E008AF38C /* SubCategoryVC.swift in Sources */ = {isa = PBXBuildFile; fileRef = 3197CA7322608D8E008AF38C /* SubCategoryVC.swift */; };
		3197CA7622608DC0008AF38C /* SubCategoryCollectionCell.swift in Sources */ = {isa = PBXBuildFile; fileRef = 3197CA7522608DC0008AF38C /* SubCategoryCollectionCell.swift */; };
		3197CA782260A845008AF38C /* SubCategory.swift in Sources */ = {isa = PBXBuildFile; fileRef = 3197CA772260A845008AF38C /* SubCategory.swift */; };
		3197CA7A2260BCBD008AF38C /* SubSubCatCollectionCell.swift in Sources */ = {isa = PBXBuildFile; fileRef = 3197CA792260BCBD008AF38C /* SubSubCatCollectionCell.swift */; };
		3197CA7C2260BCEC008AF38C /* SubSubCatVC.swift in Sources */ = {isa = PBXBuildFile; fileRef = 3197CA7B2260BCEC008AF38C /* SubSubCatVC.swift */; };
		31C37A5022534C6E0050505D /* AppDelegate.swift in Sources */ = {isa = PBXBuildFile; fileRef = 31C37A4F22534C6E0050505D /* AppDelegate.swift */; };
		31C37A5222534C6F0050505D /* LoginVC.swift in Sources */ = {isa = PBXBuildFile; fileRef = 31C37A5122534C6F0050505D /* LoginVC.swift */; };
		31C37A5522534C6F0050505D /* Main.storyboard in Resources */ = {isa = PBXBuildFile; fileRef = 31C37A5322534C6F0050505D /* Main.storyboard */; };
		31C37A5722534C700050505D /* Assets.xcassets in Resources */ = {isa = PBXBuildFile; fileRef = 31C37A5622534C700050505D /* Assets.xcassets */; };
		31C37A5A22534C700050505D /* LaunchScreen.storyboard in Resources */ = {isa = PBXBuildFile; fileRef = 31C37A5822534C700050505D /* LaunchScreen.storyboard */; };
		F735FE8E3DFA605FE63FB509 /* Pods_versi_app.framework in Frameworks */ = {isa = PBXBuildFile; fileRef = 7109B030C0CECFBB59E749C9 /* Pods_versi_app.framework */; };
/* End PBXBuildFile section */

/* Begin PBXFileReference section */
		26DC7DC6F3A651D3D799920C /* Pods-versi-app.release.xcconfig */ = {isa = PBXFileReference; includeInIndex = 1; lastKnownFileType = text.xcconfig; name = "Pods-versi-app.release.xcconfig"; path = "Target Support Files/Pods-versi-app/Pods-versi-app.release.xcconfig"; sourceTree = "<group>"; };
		2831629FE18277D8954D9CC1 /* Pods-versi-app.debug.xcconfig */ = {isa = PBXFileReference; includeInIndex = 1; lastKnownFileType = text.xcconfig; name = "Pods-versi-app.debug.xcconfig"; path = "Target Support Files/Pods-versi-app/Pods-versi-app.debug.xcconfig"; sourceTree = "<group>"; };
		311900202253877B0098B064 /* borderButton.swift */ = {isa = PBXFileReference; lastKnownFileType = sourcecode.swift; path = borderButton.swift; sourceTree = "<group>"; };
		311DEAD5226EFE4400E8509E /* CheckoutVC.swift */ = {isa = PBXFileReference; lastKnownFileType = sourcecode.swift; path = CheckoutVC.swift; sourceTree = "<group>"; };
		311DEAD7226F134900E8509E /* ContactusVC.swift */ = {isa = PBXFileReference; lastKnownFileType = sourcecode.swift; path = ContactusVC.swift; sourceTree = "<group>"; };
		311DEAD9226F15F000E8509E /* borderTextView.swift */ = {isa = PBXFileReference; lastKnownFileType = sourcecode.swift; path = borderTextView.swift; sourceTree = "<group>"; };
		311DEADB226F2DB600E8509E /* ChangePasswordVC.swift */ = {isa = PBXFileReference; lastKnownFileType = sourcecode.swift; path = ChangePasswordVC.swift; sourceTree = "<group>"; };
		311DEADD226F3C4500E8509E /* SearchVC.swift */ = {isa = PBXFileReference; lastKnownFileType = sourcecode.swift; path = SearchVC.swift; sourceTree = "<group>"; };
		31235418225727CC0067B21A /* AccountCell.swift */ = {isa = PBXFileReference; lastKnownFileType = sourcecode.swift; path = AccountCell.swift; sourceTree = "<group>"; };
		3123541A225738540067B21A /* ConstatntsAccountList.swift */ = {isa = PBXFileReference; lastKnownFileType = sourcecode.swift; path = ConstatntsAccountList.swift; sourceTree = "<group>"; };
		3123541C225750930067B21A /* ProductCell.swift */ = {isa = PBXFileReference; lastKnownFileType = sourcecode.swift; path = ProductCell.swift; sourceTree = "<group>"; };
		3123541F2257517C0067B21A /* Product.swift */ = {isa = PBXFileReference; lastKnownFileType = sourcecode.swift; path = Product.swift; sourceTree = "<group>"; };
		31235421225754140067B21A /* HomeVC.swift */ = {isa = PBXFileReference; lastKnownFileType = sourcecode.swift; path = HomeVC.swift; sourceTree = "<group>"; };
		31235423225772C10067B21A /* ProductImagesHeaderView.swift */ = {isa = PBXFileReference; lastKnownFileType = sourcecode.swift; path = ProductImagesHeaderView.swift; sourceTree = "<group>"; };
		31235427225775A60067B21A /* ProductImagesPageViewController.swift */ = {isa = PBXFileReference; lastKnownFileType = sourcecode.swift; path = ProductImagesPageViewController.swift; sourceTree = "<group>"; };
		312354292257774E0067B21A /* ProductImageViewController.swift */ = {isa = PBXFileReference; lastKnownFileType = sourcecode.swift; path = ProductImageViewController.swift; sourceTree = "<group>"; };
		3123542B225777C20067B21A /* ProductDetailTableViewController.swift */ = {isa = PBXFileReference; lastKnownFileType = sourcecode.swift; path = ProductDetailTableViewController.swift; sourceTree = "<group>"; };
		3123542D225783900067B21A /* ProductDetailCell.swift */ = {isa = PBXFileReference; lastKnownFileType = sourcecode.swift; path = ProductDetailCell.swift; sourceTree = "<group>"; };
		3123542F225783CC0067B21A /* SuggestionTableViewCell.swift */ = {isa = PBXFileReference; lastKnownFileType = sourcecode.swift; path = SuggestionTableViewCell.swift; sourceTree = "<group>"; };
		31235431225783FE0067B21A /* SuggestionCollectionViewCell.swift */ = {isa = PBXFileReference; lastKnownFileType = sourcecode.swift; path = SuggestionCollectionViewCell.swift; sourceTree = "<group>"; };
		31235433225B52C30067B21A /* Constants.swift */ = {isa = PBXFileReference; lastKnownFileType = sourcecode.swift; path = Constants.swift; sourceTree = "<group>"; };
		31235435225B53860067B21A /* AddressesVC.swift */ = {isa = PBXFileReference; lastKnownFileType = sourcecode.swift; path = AddressesVC.swift; sourceTree = "<group>"; };
		31345391227044FB00945333 /* UIViewExt.swift */ = {isa = PBXFileReference; lastKnownFileType = sourcecode.swift; path = UIViewExt.swift; sourceTree = "<group>"; };
		31370EAB22705B1200284A2F /* HelpVC.swift */ = {isa = PBXFileReference; lastKnownFileType = sourcecode.swift; path = HelpVC.swift; sourceTree = "<group>"; };
		31370EAD22705B2100284A2F /* ScanVC.swift */ = {isa = PBXFileReference; lastKnownFileType = sourcecode.swift; path = ScanVC.swift; sourceTree = "<group>"; };
		31370EAF22717D7000284A2F /* CartVC.swift */ = {isa = PBXFileReference; lastKnownFileType = sourcecode.swift; path = CartVC.swift; sourceTree = "<group>"; };
		315B96D02255E38200C6CE2A /* SignupVC.swift */ = {isa = PBXFileReference; lastKnownFileType = sourcecode.swift; path = SignupVC.swift; sourceTree = "<group>"; };
		315B96D22255E92200C6CE2A /* GenderType.swift */ = {isa = PBXFileReference; lastKnownFileType = sourcecode.swift; path = GenderType.swift; sourceTree = "<group>"; };
		315B96D42255E98900C6CE2A /* UIButtonExt.swift */ = {isa = PBXFileReference; lastKnownFileType = sourcecode.swift; path = UIButtonExt.swift; sourceTree = "<group>"; };
		315B96D62255FCCD00C6CE2A /* CategoryVC.swift */ = {isa = PBXFileReference; lastKnownFileType = sourcecode.swift; path = CategoryVC.swift; sourceTree = "<group>"; };
		315B96D82255FD0100C6CE2A /* CategoryCell.swift */ = {isa = PBXFileReference; lastKnownFileType = sourcecode.swift; path = CategoryCell.swift; sourceTree = "<group>"; };
		315B96DC2256092200C6CE2A /* Category.swift */ = {isa = PBXFileReference; lastKnownFileType = sourcecode.swift; path = Category.swift; sourceTree = "<group>"; };
		315B96DE22562BCF00C6CE2A /* ForgotPasswordVC.swift */ = {isa = PBXFileReference; lastKnownFileType = sourcecode.swift; path = ForgotPasswordVC.swift; sourceTree = "<group>"; };
		315B96E0225635A300C6CE2A /* AccountVC.swift */ = {isa = PBXFileReference; lastKnownFileType = sourcecode.swift; path = AccountVC.swift; sourceTree = "<group>"; };
		3161DE7F225B7EC800832661 /* WelcomeVC.swift */ = {isa = PBXFileReference; lastKnownFileType = sourcecode.swift; path = WelcomeVC.swift; sourceTree = "<group>"; };
		3161DE85225C819B00832661 /* BottomBarVC.swift */ = {isa = PBXFileReference; lastKnownFileType = sourcecode.swift; path = BottomBarVC.swift; sourceTree = "<group>"; };
		3161DE87225C8CB800832661 /* AddAddressVC.swift */ = {isa = PBXFileReference; lastKnownFileType = sourcecode.swift; path = AddAddressVC.swift; sourceTree = "<group>"; };
		3161DE89225C996400832661 /* LikedImage.swift */ = {isa = PBXFileReference; lastKnownFileType = sourcecode.swift; path = LikedImage.swift; sourceTree = "<group>"; };
		3161DE8B225CAC7500832661 /* WishlistVC.swift */ = {isa = PBXFileReference; lastKnownFileType = sourcecode.swift; path = WishlistVC.swift; sourceTree = "<group>"; };
		3161DE8D225CB0DD00832661 /* WishlistTableCell.swift */ = {isa = PBXFileReference; lastKnownFileType = sourcecode.swift; path = WishlistTableCell.swift; sourceTree = "<group>"; };
		3161DE8F225CB0FF00832661 /* WishlistCollectionCell.swift */ = {isa = PBXFileReference; lastKnownFileType = sourcecode.swift; path = WishlistCollectionCell.swift; sourceTree = "<group>"; };
		3161DE98225F0F2F00832661 /* User.swift */ = {isa = PBXFileReference; lastKnownFileType = sourcecode.swift; path = User.swift; sourceTree = "<group>"; };
		3161DE9A225F0F9E00832661 /* AuthService.swift */ = {isa = PBXFileReference; lastKnownFileType = sourcecode.swift; path = AuthService.swift; sourceTree = "<group>"; };
		3161DE9C225F1A7A00832661 /* login_success.json */ = {isa = PBXFileReference; fileEncoding = 4; lastKnownFileType = text.json; path = login_success.json; sourceTree = "<group>"; };
		3161DE9D225F1A7A00832661 /* error.json */ = {isa = PBXFileReference; fileEncoding = 4; lastKnownFileType = text.json; path = error.json; sourceTree = "<group>"; };
		3161DEA0225F1F9000832661 /* register_success.json */ = {isa = PBXFileReference; fileEncoding = 4; lastKnownFileType = text.json; path = register_success.json; sourceTree = "<group>"; };
		3161DEA2225F25DA00832661 /* UIViewControllerExt.swift */ = {isa = PBXFileReference; lastKnownFileType = sourcecode.swift; path = UIViewControllerExt.swift; sourceTree = "<group>"; };
		3161DEA4225F2E1E00832661 /* category.json */ = {isa = PBXFileReference; fileEncoding = 4; lastKnownFileType = text.json; path = category.json; sourceTree = "<group>"; };
		3161DEA6225F2E3400832661 /* CategoryService.swift */ = {isa = PBXFileReference; lastKnownFileType = sourcecode.swift; path = CategoryService.swift; sourceTree = "<group>"; };
		3161DEA8225F42D700832661 /* products.json */ = {isa = PBXFileReference; fileEncoding = 4; lastKnownFileType = text.json; path = products.json; sourceTree = "<group>"; };
		3161DEAA225F42F600832661 /* ProductsService.swift */ = {isa = PBXFileReference; lastKnownFileType = sourcecode.swift; path = ProductsService.swift; sourceTree = "<group>"; };
		3161DEAC225F493200832661 /* wishlist.json */ = {isa = PBXFileReference; fileEncoding = 4; lastKnownFileType = text.json; path = wishlist.json; sourceTree = "<group>"; };
		3161DEAE225F494300832661 /* WishlistService.swift */ = {isa = PBXFileReference; lastKnownFileType = sourcecode.swift; path = WishlistService.swift; sourceTree = "<group>"; };
		3161DEB0225F71E600832661 /* UITextFieldExt.swift */ = {isa = PBXFileReference; lastKnownFileType = sourcecode.swift; path = UITextFieldExt.swift; sourceTree = "<group>"; };
		31902E392265A8BD0068E111 /* UIImageViewExt.swift */ = {isa = PBXFileReference; lastKnownFileType = sourcecode.swift; path = UIImageViewExt.swift; sourceTree = "<group>"; };
		31902E3B2265AEB50068E111 /* ProductVariantsVC.swift */ = {isa = PBXFileReference; lastKnownFileType = sourcecode.swift; path = ProductVariantsVC.swift; sourceTree = "<group>"; };
		31902E3D2265AFFF0068E111 /* BuyButtonCell.swift */ = {isa = PBXFileReference; lastKnownFileType = sourcecode.swift; path = BuyButtonCell.swift; sourceTree = "<group>"; };
		3197CA6D22606CAC008AF38C /* CreditsVC.swift */ = {isa = PBXFileReference; lastKnownFileType = sourcecode.swift; path = CreditsVC.swift; sourceTree = "<group>"; };
		3197CA6F22606CBE008AF38C /* AddCreditVC.swift */ = {isa = PBXFileReference; lastKnownFileType = sourcecode.swift; path = AddCreditVC.swift; sourceTree = "<group>"; };
		3197CA7122607F37008AF38C /* ProfileDetailsVC.swift */ = {isa = PBXFileReference; lastKnownFileType = sourcecode.swift; path = ProfileDetailsVC.swift; sourceTree = "<group>"; };
		3197CA7322608D8E008AF38C /* SubCategoryVC.swift */ = {isa = PBXFileReference; lastKnownFileType = sourcecode.swift; path = SubCategoryVC.swift; sourceTree = "<group>"; };
		3197CA7522608DC0008AF38C /* SubCategoryCollectionCell.swift */ = {isa = PBXFileReference; lastKnownFileType = sourcecode.swift; path = SubCategoryCollectionCell.swift; sourceTree = "<group>"; };
		3197CA772260A845008AF38C /* SubCategory.swift */ = {isa = PBXFileReference; lastKnownFileType = sourcecode.swift; path = SubCategory.swift; sourceTree = "<group>"; };
		3197CA792260BCBD008AF38C /* SubSubCatCollectionCell.swift */ = {isa = PBXFileReference; lastKnownFileType = sourcecode.swift; path = SubSubCatCollectionCell.swift; sourceTree = "<group>"; };
		3197CA7B2260BCEC008AF38C /* SubSubCatVC.swift */ = {isa = PBXFileReference; lastKnownFileType = sourcecode.swift; path = SubSubCatVC.swift; sourceTree = "<group>"; };
		31C37A4C22534C6E0050505D /* versi-app.app */ = {isa = PBXFileReference; explicitFileType = wrapper.application; includeInIndex = 0; path = "versi-app.app"; sourceTree = BUILT_PRODUCTS_DIR; };
		31C37A4F22534C6E0050505D /* AppDelegate.swift */ = {isa = PBXFileReference; lastKnownFileType = sourcecode.swift; path = AppDelegate.swift; sourceTree = "<group>"; };
		31C37A5122534C6F0050505D /* LoginVC.swift */ = {isa = PBXFileReference; lastKnownFileType = sourcecode.swift; path = LoginVC.swift; sourceTree = "<group>"; };
		31C37A5422534C6F0050505D /* Base */ = {isa = PBXFileReference; lastKnownFileType = file.storyboard; name = Base; path = Base.lproj/Main.storyboard; sourceTree = "<group>"; };
		31C37A5622534C700050505D /* Assets.xcassets */ = {isa = PBXFileReference; lastKnownFileType = folder.assetcatalog; path = Assets.xcassets; sourceTree = "<group>"; };
		31C37A5922534C700050505D /* Base */ = {isa = PBXFileReference; lastKnownFileType = file.storyboard; name = Base; path = Base.lproj/LaunchScreen.storyboard; sourceTree = "<group>"; };
		31C37A5B22534C700050505D /* Info.plist */ = {isa = PBXFileReference; lastKnownFileType = text.plist.xml; path = Info.plist; sourceTree = "<group>"; };
		7109B030C0CECFBB59E749C9 /* Pods_versi_app.framework */ = {isa = PBXFileReference; explicitFileType = wrapper.framework; includeInIndex = 0; path = Pods_versi_app.framework; sourceTree = BUILT_PRODUCTS_DIR; };
/* End PBXFileReference section */

/* Begin PBXFrameworksBuildPhase section */
		31C37A4922534C6E0050505D /* Frameworks */ = {
			isa = PBXFrameworksBuildPhase;
			buildActionMask = 2147483647;
			files = (
				F735FE8E3DFA605FE63FB509 /* Pods_versi_app.framework in Frameworks */,
			);
			runOnlyForDeploymentPostprocessing = 0;
		};
/* End PBXFrameworksBuildPhase section */

/* Begin PBXGroup section */
		02F6EB2A397CBFA9F7CC87B4 /* Frameworks */ = {
			isa = PBXGroup;
			children = (
				7109B030C0CECFBB59E749C9 /* Pods_versi_app.framework */,
			);
			name = Frameworks;
			sourceTree = "<group>";
		};
		20EBEA6A1768B5DA4E478F78 /* Pods */ = {
			isa = PBXGroup;
			children = (
				2831629FE18277D8954D9CC1 /* Pods-versi-app.debug.xcconfig */,
				26DC7DC6F3A651D3D799920C /* Pods-versi-app.release.xcconfig */,
			);
			path = Pods;
			sourceTree = "<group>";
		};
		3161DE93225CD70B00832661 /* Resourses */ = {
			isa = PBXGroup;
			children = (
				3161DEAC225F493200832661 /* wishlist.json */,
				3161DEA8225F42D700832661 /* products.json */,
				3161DEA4225F2E1E00832661 /* category.json */,
				3161DEA0225F1F9000832661 /* register_success.json */,
				3161DE9D225F1A7A00832661 /* error.json */,
				3161DE9C225F1A7A00832661 /* login_success.json */,
			);
			path = Resourses;
			sourceTree = "<group>";
		};
		31C37A4322534C6E0050505D = {
			isa = PBXGroup;
			children = (
				31C37A4E22534C6E0050505D /* versi-app */,
				31C37A4D22534C6E0050505D /* Products */,
				20EBEA6A1768B5DA4E478F78 /* Pods */,
				02F6EB2A397CBFA9F7CC87B4 /* Frameworks */,
			);
			sourceTree = "<group>";
		};
		31C37A4D22534C6E0050505D /* Products */ = {
			isa = PBXGroup;
			children = (
				31C37A4C22534C6E0050505D /* versi-app.app */,
			);
			name = Products;
			sourceTree = "<group>";
		};
		31C37A4E22534C6E0050505D /* versi-app */ = {
			isa = PBXGroup;
			children = (
				3161DE93225CD70B00832661 /* Resourses */,
				31C37A66225359360050505D /* Services */,
				31C37A64225359090050505D /* Extensions */,
				31C37A672253594D0050505D /* Utilities */,
				31C37A65225359290050505D /* Enums */,
				31C37A6122534D730050505D /* Model */,
				31C37A6322534D890050505D /* View */,
				31C37A6222534D7F0050505D /* Controller */,
				31C37A4F22534C6E0050505D /* AppDelegate.swift */,
				31C37A5322534C6F0050505D /* Main.storyboard */,
				31C37A5622534C700050505D /* Assets.xcassets */,
				31C37A5822534C700050505D /* LaunchScreen.storyboard */,
				31C37A5B22534C700050505D /* Info.plist */,
			);
			path = "versi-app";
			sourceTree = "<group>";
		};
		31C37A6122534D730050505D /* Model */ = {
			isa = PBXGroup;
			children = (
				315B96DC2256092200C6CE2A /* Category.swift */,
				3123541F2257517C0067B21A /* Product.swift */,
				3161DE98225F0F2F00832661 /* User.swift */,
				3197CA772260A845008AF38C /* SubCategory.swift */,
			);
			path = Model;
			sourceTree = "<group>";
		};
		31C37A6222534D7F0050505D /* Controller */ = {
			isa = PBXGroup;
			children = (
				3161DE7F225B7EC800832661 /* WelcomeVC.swift */,
				31C37A5122534C6F0050505D /* LoginVC.swift */,
				315B96D02255E38200C6CE2A /* SignupVC.swift */,
				315B96DE22562BCF00C6CE2A /* ForgotPasswordVC.swift */,
				3161DE85225C819B00832661 /* BottomBarVC.swift */,
				31235421225754140067B21A /* HomeVC.swift */,
				31235427225775A60067B21A /* ProductImagesPageViewController.swift */,
				312354292257774E0067B21A /* ProductImageViewController.swift */,
				3123542B225777C20067B21A /* ProductDetailTableViewController.swift */,
				31902E3B2265AEB50068E111 /* ProductVariantsVC.swift */,
				311DEAD5226EFE4400E8509E /* CheckoutVC.swift */,
				315B96D62255FCCD00C6CE2A /* CategoryVC.swift */,
				3197CA7322608D8E008AF38C /* SubCategoryVC.swift */,
				3197CA7B2260BCEC008AF38C /* SubSubCatVC.swift */,
				311DEADD226F3C4500E8509E /* SearchVC.swift */,
				31370EAF22717D7000284A2F /* CartVC.swift */,
				315B96E0225635A300C6CE2A /* AccountVC.swift */,
				31235435225B53860067B21A /* AddressesVC.swift */,
				3161DE87225C8CB800832661 /* AddAddressVC.swift */,
				3161DE8B225CAC7500832661 /* WishlistVC.swift */,
				3197CA6D22606CAC008AF38C /* CreditsVC.swift */,
				3197CA6F22606CBE008AF38C /* AddCreditVC.swift */,
				3197CA7122607F37008AF38C /* ProfileDetailsVC.swift */,
				311DEAD7226F134900E8509E /* ContactusVC.swift */,
				311DEADB226F2DB600E8509E /* ChangePasswordVC.swift */,
				31370EAB22705B1200284A2F /* HelpVC.swift */,
				31370EAD22705B2100284A2F /* ScanVC.swift */,
			);
			path = Controller;
			sourceTree = "<group>";
		};
		31C37A6322534D890050505D /* View */ = {
			isa = PBXGroup;
			children = (
				311900202253877B0098B064 /* borderButton.swift */,
				311DEAD9226F15F000E8509E /* borderTextView.swift */,
				315B96D82255FD0100C6CE2A /* CategoryCell.swift */,
				31235418225727CC0067B21A /* AccountCell.swift */,
				3123541C225750930067B21A /* ProductCell.swift */,
				31902E3D2265AFFF0068E111 /* BuyButtonCell.swift */,
				31235423225772C10067B21A /* ProductImagesHeaderView.swift */,
				3123542D225783900067B21A /* ProductDetailCell.swift */,
				3123542F225783CC0067B21A /* SuggestionTableViewCell.swift */,
				31235431225783FE0067B21A /* SuggestionCollectionViewCell.swift */,
				3161DE8D225CB0DD00832661 /* WishlistTableCell.swift */,
				3161DE8F225CB0FF00832661 /* WishlistCollectionCell.swift */,
				3197CA7522608DC0008AF38C /* SubCategoryCollectionCell.swift */,
				3197CA792260BCBD008AF38C /* SubSubCatCollectionCell.swift */,
			);
			path = View;
			sourceTree = "<group>";
		};
		31C37A64225359090050505D /* Extensions */ = {
			isa = PBXGroup;
			children = (
				315B96D42255E98900C6CE2A /* UIButtonExt.swift */,
				3161DEA2225F25DA00832661 /* UIViewControllerExt.swift */,
				3161DEB0225F71E600832661 /* UITextFieldExt.swift */,
				31902E392265A8BD0068E111 /* UIImageViewExt.swift */,
				31345391227044FB00945333 /* UIViewExt.swift */,
			);
			path = Extensions;
			sourceTree = "<group>";
		};
		31C37A65225359290050505D /* Enums */ = {
			isa = PBXGroup;
			children = (
				315B96D22255E92200C6CE2A /* GenderType.swift */,
				3161DE89225C996400832661 /* LikedImage.swift */,
			);
			path = Enums;
			sourceTree = "<group>";
		};
		31C37A66225359360050505D /* Services */ = {
			isa = PBXGroup;
			children = (
				3161DE9A225F0F9E00832661 /* AuthService.swift */,
				3161DEA6225F2E3400832661 /* CategoryService.swift */,
				3161DEAA225F42F600832661 /* ProductsService.swift */,
				3161DEAE225F494300832661 /* WishlistService.swift */,
			);
			path = Services;
			sourceTree = "<group>";
		};
		31C37A672253594D0050505D /* Utilities */ = {
			isa = PBXGroup;
			children = (
				3123541A225738540067B21A /* ConstatntsAccountList.swift */,
				31235433225B52C30067B21A /* Constants.swift */,
			);
			path = Utilities;
			sourceTree = "<group>";
		};
/* End PBXGroup section */

/* Begin PBXNativeTarget section */
		31C37A4B22534C6E0050505D /* versi-app */ = {
			isa = PBXNativeTarget;
			buildConfigurationList = 31C37A5E22534C700050505D /* Build configuration list for PBXNativeTarget "versi-app" */;
			buildPhases = (
				F1C14A4F56DC378C6D13252B /* [CP] Check Pods Manifest.lock */,
				31C37A4822534C6E0050505D /* Sources */,
				31C37A4922534C6E0050505D /* Frameworks */,
				31C37A4A22534C6E0050505D /* Resources */,
				475E7513F60AC3803BB4A139 /* [CP] Embed Pods Frameworks */,
			);
			buildRules = (
			);
			dependencies = (
			);
			name = "versi-app";
			productName = "versi-app";
			productReference = 31C37A4C22534C6E0050505D /* versi-app.app */;
			productType = "com.apple.product-type.application";
		};
/* End PBXNativeTarget section */

/* Begin PBXProject section */
		31C37A4422534C6E0050505D /* Project object */ = {
			isa = PBXProject;
			attributes = {
				LastSwiftUpdateCheck = 1010;
				LastUpgradeCheck = 1010;
				ORGANIZATIONNAME = "Ahmad Fatayri";
				TargetAttributes = {
					31C37A4B22534C6E0050505D = {
						CreatedOnToolsVersion = 10.1;
					};
				};
			};
			buildConfigurationList = 31C37A4722534C6E0050505D /* Build configuration list for PBXProject "versi-app" */;
			compatibilityVersion = "Xcode 9.3";
			developmentRegion = en;
			hasScannedForEncodings = 0;
			knownRegions = (
				en,
				Base,
			);
			mainGroup = 31C37A4322534C6E0050505D;
			productRefGroup = 31C37A4D22534C6E0050505D /* Products */;
			projectDirPath = "";
			projectRoot = "";
			targets = (
				31C37A4B22534C6E0050505D /* versi-app */,
			);
		};
/* End PBXProject section */

/* Begin PBXResourcesBuildPhase section */
		31C37A4A22534C6E0050505D /* Resources */ = {
			isa = PBXResourcesBuildPhase;
			buildActionMask = 2147483647;
			files = (
				3161DEA5225F2E1E00832661 /* category.json in Resources */,
				3161DEA9225F42D700832661 /* products.json in Resources */,
				3161DEA1225F1F9000832661 /* register_success.json in Resources */,
				3161DE9F225F1A7A00832661 /* error.json in Resources */,
				31C37A5A22534C700050505D /* LaunchScreen.storyboard in Resources */,
				31C37A5722534C700050505D /* Assets.xcassets in Resources */,
				31C37A5522534C6F0050505D /* Main.storyboard in Resources */,
				3161DE9E225F1A7A00832661 /* login_success.json in Resources */,
				3161DEAD225F493200832661 /* wishlist.json in Resources */,
			);
			runOnlyForDeploymentPostprocessing = 0;
		};
/* End PBXResourcesBuildPhase section */

/* Begin PBXShellScriptBuildPhase section */
		475E7513F60AC3803BB4A139 /* [CP] Embed Pods Frameworks */ = {
			isa = PBXShellScriptBuildPhase;
			buildActionMask = 2147483647;
			files = (
			);
			inputFileListPaths = (
			);
			inputPaths = (
				"${PODS_ROOT}/Target Support Files/Pods-versi-app/Pods-versi-app-frameworks.sh",
				"${BUILT_PRODUCTS_DIR}/Alamofire/Alamofire.framework",
				"${BUILT_PRODUCTS_DIR}/AlamofireImage/AlamofireImage.framework",
				"${BUILT_PRODUCTS_DIR}/PulsingHalo/PulsingHalo.framework",
				"${BUILT_PRODUCTS_DIR}/RYFloatingInput/RYFloatingInput.framework",
				"${BUILT_PRODUCTS_DIR}/RxAtomic/RxAtomic.framework",
				"${BUILT_PRODUCTS_DIR}/RxCocoa/RxCocoa.framework",
				"${BUILT_PRODUCTS_DIR}/RxSwift/RxSwift.framework",
				"${BUILT_PRODUCTS_DIR}/SwiftyJSON/SwiftyJSON.framework",
				"${BUILT_PRODUCTS_DIR}/TweeTextField/TweeTextField.framework",
			);
			name = "[CP] Embed Pods Frameworks";
			outputFileListPaths = (
			);
			outputPaths = (
				"${TARGET_BUILD_DIR}/${FRAMEWORKS_FOLDER_PATH}/Alamofire.framework",
				"${TARGET_BUILD_DIR}/${FRAMEWORKS_FOLDER_PATH}/AlamofireImage.framework",
				"${TARGET_BUILD_DIR}/${FRAMEWORKS_FOLDER_PATH}/PulsingHalo.framework",
				"${TARGET_BUILD_DIR}/${FRAMEWORKS_FOLDER_PATH}/RYFloatingInput.framework",
				"${TARGET_BUILD_DIR}/${FRAMEWORKS_FOLDER_PATH}/RxAtomic.framework",
				"${TARGET_BUILD_DIR}/${FRAMEWORKS_FOLDER_PATH}/RxCocoa.framework",
				"${TARGET_BUILD_DIR}/${FRAMEWORKS_FOLDER_PATH}/RxSwift.framework",
				"${TARGET_BUILD_DIR}/${FRAMEWORKS_FOLDER_PATH}/SwiftyJSON.framework",
				"${TARGET_BUILD_DIR}/${FRAMEWORKS_FOLDER_PATH}/TweeTextField.framework",
			);
			runOnlyForDeploymentPostprocessing = 0;
			shellPath = /bin/sh;
			shellScript = "\"${PODS_ROOT}/Target Support Files/Pods-versi-app/Pods-versi-app-frameworks.sh\"\n";
			showEnvVarsInLog = 0;
		};
		F1C14A4F56DC378C6D13252B /* [CP] Check Pods Manifest.lock */ = {
			isa = PBXShellScriptBuildPhase;
			buildActionMask = 2147483647;
			files = (
			);
			inputFileListPaths = (
			);
			inputPaths = (
				"${PODS_PODFILE_DIR_PATH}/Podfile.lock",
				"${PODS_ROOT}/Manifest.lock",
			);
			name = "[CP] Check Pods Manifest.lock";
			outputFileListPaths = (
			);
			outputPaths = (
				"$(DERIVED_FILE_DIR)/Pods-versi-app-checkManifestLockResult.txt",
			);
			runOnlyForDeploymentPostprocessing = 0;
			shellPath = /bin/sh;
			shellScript = "diff \"${PODS_PODFILE_DIR_PATH}/Podfile.lock\" \"${PODS_ROOT}/Manifest.lock\" > /dev/null\nif [ $? != 0 ] ; then\n    # print error to STDERR\n    echo \"error: The sandbox is not in sync with the Podfile.lock. Run 'pod install' or update your CocoaPods installation.\" >&2\n    exit 1\nfi\n# This output is used by Xcode 'outputs' to avoid re-running this script phase.\necho \"SUCCESS\" > \"${SCRIPT_OUTPUT_FILE_0}\"\n";
			showEnvVarsInLog = 0;
		};
/* End PBXShellScriptBuildPhase section */

/* Begin PBXSourcesBuildPhase section */
		31C37A4822534C6E0050505D /* Sources */ = {
			isa = PBXSourcesBuildPhase;
			buildActionMask = 2147483647;
			files = (
				31370EAC22705B1200284A2F /* HelpVC.swift in Sources */,
				3123542A2257774E0067B21A /* ProductImageViewController.swift in Sources */,
				311DEADE226F3C4500E8509E /* SearchVC.swift in Sources */,
				3197CA7C2260BCEC008AF38C /* SubSubCatVC.swift in Sources */,
				315B96E1225635A300C6CE2A /* AccountVC.swift in Sources */,
				3197CA6E22606CAC008AF38C /* CreditsVC.swift in Sources */,
				3161DEA3225F25DA00832661 /* UIViewControllerExt.swift in Sources */,
				3197CA7222607F37008AF38C /* ProfileDetailsVC.swift in Sources */,
				315B96D72255FCCD00C6CE2A /* CategoryVC.swift in Sources */,
				31235424225772C10067B21A /* ProductImagesHeaderView.swift in Sources */,
				312354202257517C0067B21A /* Product.swift in Sources */,
				31235428225775A60067B21A /* ProductImagesPageViewController.swift in Sources */,
				315B96D12255E38200C6CE2A /* SignupVC.swift in Sources */,
				3161DEA7225F2E3400832661 /* CategoryService.swift in Sources */,
				31235434225B52C30067B21A /* Constants.swift in Sources */,
				3161DEAF225F494300832661 /* WishlistService.swift in Sources */,
				3123542C225777C20067B21A /* ProductDetailTableViewController.swift in Sources */,
				3161DEAB225F42F600832661 /* ProductsService.swift in Sources */,
				31902E3E2265AFFF0068E111 /* BuyButtonCell.swift in Sources */,
				31235436225B53860067B21A /* AddressesVC.swift in Sources */,
				311DEAD8226F134900E8509E /* ContactusVC.swift in Sources */,
				315B96D52255E98900C6CE2A /* UIButtonExt.swift in Sources */,
				3161DEB1225F71E600832661 /* UITextFieldExt.swift in Sources */,
				31370EAE22705B2100284A2F /* ScanVC.swift in Sources */,
				315B96DD2256092200C6CE2A /* Category.swift in Sources */,
				3123541D225750930067B21A /* ProductCell.swift in Sources */,
				31235419225727CC0067B21A /* AccountCell.swift in Sources */,
				315B96DF22562BCF00C6CE2A /* ForgotPasswordVC.swift in Sources */,
				3123542E225783900067B21A /* ProductDetailCell.swift in Sources */,
				31235422225754140067B21A /* HomeVC.swift in Sources */,
				31345392227044FB00945333 /* UIViewExt.swift in Sources */,
				3161DE88225C8CB800832661 /* AddAddressVC.swift in Sources */,
				3161DE80225B7EC800832661 /* WelcomeVC.swift in Sources */,
				3197CA7422608D8E008AF38C /* SubCategoryVC.swift in Sources */,
				311DEADA226F15F000E8509E /* borderTextView.swift in Sources */,
				3161DE8E225CB0DD00832661 /* WishlistTableCell.swift in Sources */,
				3161DE86225C819B00832661 /* BottomBarVC.swift in Sources */,
				3197CA7A2260BCBD008AF38C /* SubSubCatCollectionCell.swift in Sources */,
				315B96D92255FD0100C6CE2A /* CategoryCell.swift in Sources */,
				31C37A5222534C6F0050505D /* LoginVC.swift in Sources */,
				3161DE99225F0F2F00832661 /* User.swift in Sources */,
				31902E3A2265A8BD0068E111 /* UIImageViewExt.swift in Sources */,
				31235430225783CC0067B21A /* SuggestionTableViewCell.swift in Sources */,
				311DEAD6226EFE4400E8509E /* CheckoutVC.swift in Sources */,
				3197CA782260A845008AF38C /* SubCategory.swift in Sources */,
				3161DE8C225CAC7500832661 /* WishlistVC.swift in Sources */,
				3161DE9B225F0F9E00832661 /* AuthService.swift in Sources */,
				31C37A5022534C6E0050505D /* AppDelegate.swift in Sources */,
				3161DE90225CB0FF00832661 /* WishlistCollectionCell.swift in Sources */,
				311900212253877B0098B064 /* borderButton.swift in Sources */,
				311DEADC226F2DB600E8509E /* ChangePasswordVC.swift in Sources */,
				31235432225783FE0067B21A /* SuggestionCollectionViewCell.swift in Sources */,
				3161DE8A225C996400832661 /* LikedImage.swift in Sources */,
				315B96D32255E92200C6CE2A /* GenderType.swift in Sources */,
				3123541B225738540067B21A /* ConstatntsAccountList.swift in Sources */,
				3197CA7022606CBE008AF38C /* AddCreditVC.swift in Sources */,
				31902E3C2265AEB50068E111 /* ProductVariantsVC.swift in Sources */,
				3197CA7622608DC0008AF38C /* SubCategoryCollectionCell.swift in Sources */,
				31370EB022717D7000284A2F /* CartVC.swift in Sources */,
			);
			runOnlyForDeploymentPostprocessing = 0;
		};
/* End PBXSourcesBuildPhase section */

/* Begin PBXVariantGroup section */
		31C37A5322534C6F0050505D /* Main.storyboard */ = {
			isa = PBXVariantGroup;
			children = (
				31C37A5422534C6F0050505D /* Base */,
			);
			name = Main.storyboard;
			sourceTree = "<group>";
		};
		31C37A5822534C700050505D /* LaunchScreen.storyboard */ = {
			isa = PBXVariantGroup;
			children = (
				31C37A5922534C700050505D /* Base */,
			);
			name = LaunchScreen.storyboard;
			sourceTree = "<group>";
		};
/* End PBXVariantGroup section */

/* Begin XCBuildConfiguration section */
		31C37A5C22534C700050505D /* Debug */ = {
			isa = XCBuildConfiguration;
			buildSettings = {
				ALWAYS_SEARCH_USER_PATHS = NO;
				CLANG_ANALYZER_NONNULL = YES;
				CLANG_ANALYZER_NUMBER_OBJECT_CONVERSION = YES_AGGRESSIVE;
				CLANG_CXX_LANGUAGE_STANDARD = "gnu++14";
				CLANG_CXX_LIBRARY = "libc++";
				CLANG_ENABLE_MODULES = YES;
				CLANG_ENABLE_OBJC_ARC = YES;
				CLANG_ENABLE_OBJC_WEAK = YES;
				CLANG_WARN_BLOCK_CAPTURE_AUTORELEASING = YES;
				CLANG_WARN_BOOL_CONVERSION = YES;
				CLANG_WARN_COMMA = YES;
				CLANG_WARN_CONSTANT_CONVERSION = YES;
				CLANG_WARN_DEPRECATED_OBJC_IMPLEMENTATIONS = YES;
				CLANG_WARN_DIRECT_OBJC_ISA_USAGE = YES_ERROR;
				CLANG_WARN_DOCUMENTATION_COMMENTS = YES;
				CLANG_WARN_EMPTY_BODY = YES;
				CLANG_WARN_ENUM_CONVERSION = YES;
				CLANG_WARN_INFINITE_RECURSION = YES;
				CLANG_WARN_INT_CONVERSION = YES;
				CLANG_WARN_NON_LITERAL_NULL_CONVERSION = YES;
				CLANG_WARN_OBJC_IMPLICIT_RETAIN_SELF = YES;
				CLANG_WARN_OBJC_LITERAL_CONVERSION = YES;
				CLANG_WARN_OBJC_ROOT_CLASS = YES_ERROR;
				CLANG_WARN_RANGE_LOOP_ANALYSIS = YES;
				CLANG_WARN_STRICT_PROTOTYPES = YES;
				CLANG_WARN_SUSPICIOUS_MOVE = YES;
				CLANG_WARN_UNGUARDED_AVAILABILITY = YES_AGGRESSIVE;
				CLANG_WARN_UNREACHABLE_CODE = YES;
				CLANG_WARN__DUPLICATE_METHOD_MATCH = YES;
				CODE_SIGN_IDENTITY = "iPhone Developer";
				COPY_PHASE_STRIP = NO;
				DEBUG_INFORMATION_FORMAT = dwarf;
				ENABLE_STRICT_OBJC_MSGSEND = YES;
				ENABLE_TESTABILITY = YES;
				GCC_C_LANGUAGE_STANDARD = gnu11;
				GCC_DYNAMIC_NO_PIC = NO;
				GCC_NO_COMMON_BLOCKS = YES;
				GCC_OPTIMIZATION_LEVEL = 0;
				GCC_PREPROCESSOR_DEFINITIONS = (
					"DEBUG=1",
					"$(inherited)",
				);
				GCC_WARN_64_TO_32_BIT_CONVERSION = YES;
				GCC_WARN_ABOUT_RETURN_TYPE = YES_ERROR;
				GCC_WARN_UNDECLARED_SELECTOR = YES;
				GCC_WARN_UNINITIALIZED_AUTOS = YES_AGGRESSIVE;
				GCC_WARN_UNUSED_FUNCTION = YES;
				GCC_WARN_UNUSED_VARIABLE = YES;
				IPHONEOS_DEPLOYMENT_TARGET = 12.1;
				MTL_ENABLE_DEBUG_INFO = INCLUDE_SOURCE;
				MTL_FAST_MATH = YES;
				ONLY_ACTIVE_ARCH = YES;
				SDKROOT = iphoneos;
				SWIFT_ACTIVE_COMPILATION_CONDITIONS = DEBUG;
				SWIFT_OPTIMIZATION_LEVEL = "-Onone";
			};
			name = Debug;
		};
		31C37A5D22534C700050505D /* Release */ = {
			isa = XCBuildConfiguration;
			buildSettings = {
				ALWAYS_SEARCH_USER_PATHS = NO;
				CLANG_ANALYZER_NONNULL = YES;
				CLANG_ANALYZER_NUMBER_OBJECT_CONVERSION = YES_AGGRESSIVE;
				CLANG_CXX_LANGUAGE_STANDARD = "gnu++14";
				CLANG_CXX_LIBRARY = "libc++";
				CLANG_ENABLE_MODULES = YES;
				CLANG_ENABLE_OBJC_ARC = YES;
				CLANG_ENABLE_OBJC_WEAK = YES;
				CLANG_WARN_BLOCK_CAPTURE_AUTORELEASING = YES;
				CLANG_WARN_BOOL_CONVERSION = YES;
				CLANG_WARN_COMMA = YES;
				CLANG_WARN_CONSTANT_CONVERSION = YES;
				CLANG_WARN_DEPRECATED_OBJC_IMPLEMENTATIONS = YES;
				CLANG_WARN_DIRECT_OBJC_ISA_USAGE = YES_ERROR;
				CLANG_WARN_DOCUMENTATION_COMMENTS = YES;
				CLANG_WARN_EMPTY_BODY = YES;
				CLANG_WARN_ENUM_CONVERSION = YES;
				CLANG_WARN_INFINITE_RECURSION = YES;
				CLANG_WARN_INT_CONVERSION = YES;
				CLANG_WARN_NON_LITERAL_NULL_CONVERSION = YES;
				CLANG_WARN_OBJC_IMPLICIT_RETAIN_SELF = YES;
				CLANG_WARN_OBJC_LITERAL_CONVERSION = YES;
				CLANG_WARN_OBJC_ROOT_CLASS = YES_ERROR;
				CLANG_WARN_RANGE_LOOP_ANALYSIS = YES;
				CLANG_WARN_STRICT_PROTOTYPES = YES;
				CLANG_WARN_SUSPICIOUS_MOVE = YES;
				CLANG_WARN_UNGUARDED_AVAILABILITY = YES_AGGRESSIVE;
				CLANG_WARN_UNREACHABLE_CODE = YES;
				CLANG_WARN__DUPLICATE_METHOD_MATCH = YES;
				CODE_SIGN_IDENTITY = "iPhone Developer";
				COPY_PHASE_STRIP = NO;
				DEBUG_INFORMATION_FORMAT = "dwarf-with-dsym";
				ENABLE_NS_ASSERTIONS = NO;
				ENABLE_STRICT_OBJC_MSGSEND = YES;
				GCC_C_LANGUAGE_STANDARD = gnu11;
				GCC_NO_COMMON_BLOCKS = YES;
				GCC_WARN_64_TO_32_BIT_CONVERSION = YES;
				GCC_WARN_ABOUT_RETURN_TYPE = YES_ERROR;
				GCC_WARN_UNDECLARED_SELECTOR = YES;
				GCC_WARN_UNINITIALIZED_AUTOS = YES_AGGRESSIVE;
				GCC_WARN_UNUSED_FUNCTION = YES;
				GCC_WARN_UNUSED_VARIABLE = YES;
				IPHONEOS_DEPLOYMENT_TARGET = 12.1;
				MTL_ENABLE_DEBUG_INFO = NO;
				MTL_FAST_MATH = YES;
				SDKROOT = iphoneos;
				SWIFT_COMPILATION_MODE = wholemodule;
				SWIFT_OPTIMIZATION_LEVEL = "-O";
				VALIDATE_PRODUCT = YES;
			};
			name = Release;
		};
		31C37A5F22534C700050505D /* Debug */ = {
			isa = XCBuildConfiguration;
			baseConfigurationReference = 2831629FE18277D8954D9CC1 /* Pods-versi-app.debug.xcconfig */;
			buildSettings = {
				ASSETCATALOG_COMPILER_APPICON_NAME = AppIcon;
				CODE_SIGN_STYLE = Automatic;
				DEVELOPMENT_TEAM = C9X8D3TQ9G;
				INFOPLIST_FILE = "versi-app/Info.plist";
				LD_RUNPATH_SEARCH_PATHS = (
					"$(inherited)",
					"@executable_path/Frameworks",
				);
				PRODUCT_BUNDLE_IDENTIFIER = "com.testt.versi-app";
				PRODUCT_NAME = "$(TARGET_NAME)";
				SWIFT_VERSION = 4.2;
				TARGETED_DEVICE_FAMILY = "1,2";
			};
			name = Debug;
		};
		31C37A6022534C700050505D /* Release */ = {
			isa = XCBuildConfiguration;
			baseConfigurationReference = 26DC7DC6F3A651D3D799920C /* Pods-versi-app.release.xcconfig */;
			buildSettings = {
				ASSETCATALOG_COMPILER_APPICON_NAME = AppIcon;
				CODE_SIGN_STYLE = Automatic;
				DEVELOPMENT_TEAM = C9X8D3TQ9G;
				INFOPLIST_FILE = "versi-app/Info.plist";
				LD_RUNPATH_SEARCH_PATHS = (
					"$(inherited)",
					"@executable_path/Frameworks",
				);
				PRODUCT_BUNDLE_IDENTIFIER = "com.testt.versi-app";
				PRODUCT_NAME = "$(TARGET_NAME)";
				SWIFT_VERSION = 4.2;
				TARGETED_DEVICE_FAMILY = "1,2";
			};
			name = Release;
		};
/* End XCBuildConfiguration section */

/* Begin XCConfigurationList section */
		31C37A4722534C6E0050505D /* Build configuration list for PBXProject "versi-app" */ = {
			isa = XCConfigurationList;
			buildConfigurations = (
				31C37A5C22534C700050505D /* Debug */,
				31C37A5D22534C700050505D /* Release */,
			);
			defaultConfigurationIsVisible = 0;
			defaultConfigurationName = Release;
		};
		31C37A5E22534C700050505D /* Build configuration list for PBXNativeTarget "versi-app" */ = {
			isa = XCConfigurationList;
			buildConfigurations = (
				31C37A5F22534C700050505D /* Debug */,
				31C37A6022534C700050505D /* Release */,
			);
			defaultConfigurationIsVisible = 0;
			defaultConfigurationName = Release;
		};
/* End XCConfigurationList section */
	};
	rootObject = 31C37A4422534C6E0050505D /* Project object */;
}
